{
  "lockfile_version": "1",
  "packages": {
    "bun@latest": {
      "last_modified": "2024-11-26T10:33:56Z",
      "resolved": "github:NixOS/nixpkgs/af51545ec9a44eadf3fe3547610a5cdd882bc34e#bun",
      "source": "devbox-search",
      "version": "1.1.34",
      "systems": {
        "aarch64-darwin": {
          "outputs": [
            {
              "name": "out",
              "path": "/nix/store/0hxh6hmzkpg56l11vsnyb287jynhf5f4-bun-1.1.34",
              "default": true
            }
          ],
          "store_path": "/nix/store/0hxh6hmzkpg56l11vsnyb287jynhf5f4-bun-1.1.34"
        },
        "aarch64-linux": {
          "outputs": [
            {
              "name": "out",
              "path": "/nix/store/mc6bikx8a0rqm1xk040w2q861syxpr8d-bun-1.1.34",
              "default": true
            }
          ],
          "store_path": "/nix/store/mc6bikx8a0rqm1xk040w2q861syxpr8d-bun-1.1.34"
        },
        "x86_64-darwin": {
          "outputs": [
            {
              "name": "out",
              "path": "/nix/store/fn9h6y3v8il2yax5pm965lacxzj8pq9q-bun-1.1.34",
              "default": true
            }
          ],
          "store_path": "/nix/store/fn9h6y3v8il2yax5pm965lacxzj8pq9q-bun-1.1.34"
        },
        "x86_64-linux": {
          "outputs": [
            {
              "name": "out",
              "path": "/nix/store/mzk71frmsppga4i7sz7ca3r9wxv8slx9-bun-1.1.34",
              "default": true
            }
          ],
          "store_path": "/nix/store/mzk71frmsppga4i7sz7ca3r9wxv8slx9-bun-1.1.34"
        }
      }
    },
    "gum@latest": {
      "last_modified": "2024-11-16T04:25:12Z",
      "resolved": "github:NixOS/nixpkgs/34a626458d686f1b58139620a8b2793e9e123bba#gum",
      "source": "devbox-search",
      "version": "0.14.5",
      "systems": {
        "aarch64-darwin": {
          "outputs": [
            {
              "name": "out",
              "path": "/nix/store/rzqm62ixipbzbhfagqlic5xxag9a2v82-gum-0.14.5",
              "default": true
            }
          ],
          "store_path": "/nix/store/rzqm62ixipbzbhfagqlic5xxag9a2v82-gum-0.14.5"
        },
        "aarch64-linux": {
          "outputs": [
            {
              "name": "out",
              "path": "/nix/store/3ick2j8z9jgkk3cyc1ik4zkbs3m4583n-gum-0.14.5",
              "default": true
            }
          ],
          "store_path": "/nix/store/3ick2j8z9jgkk3cyc1ik4zkbs3m4583n-gum-0.14.5"
        },
        "x86_64-darwin": {
          "outputs": [
            {
              "name": "out",
              "path": "/nix/store/9rh8qxbxgb07v3a62mx9404ynk2yhxrj-gum-0.14.5",
              "default": true
            }
          ],
          "store_path": "/nix/store/9rh8qxbxgb07v3a62mx9404ynk2yhxrj-gum-0.14.5"
        },
        "x86_64-linux": {
          "outputs": [
            {
              "name": "out",
              "path": "/nix/store/1bnivwijzrnzx5h0hd5rywwy8rlhxmw5-gum-0.14.5",
              "default": true
            }
          ],
          "store_path": "/nix/store/1bnivwijzrnzx5h0hd5rywwy8rlhxmw5-gum-0.14.5"
        }
      }
    },
    "process-compose@latest": {
      "last_modified": "2024-11-28T07:51:56Z",
      "resolved": "github:NixOS/nixpkgs/226216574ada4c3ecefcbbec41f39ce4655f78ef#process-compose",
      "source": "devbox-search",
      "version": "1.40.1",
      "systems": {
        "aarch64-darwin": {
          "outputs": [
            {
              "name": "out",
              "path": "/nix/store/ndvh1v1881a3pwxyw1g38mhp5xzrpz16-process-compose-1.40.1",
              "default": true
            }
          ],
          "store_path": "/nix/store/ndvh1v1881a3pwxyw1g38mhp5xzrpz16-process-compose-1.40.1"
        },
        "aarch64-linux": {
          "outputs": [
            {
              "name": "out",
              "path": "/nix/store/7jw864z6wlzcirsz8fgaj2bw0f22izch-process-compose-1.40.1",
              "default": true
            }
          ],
          "store_path": "/nix/store/7jw864z6wlzcirsz8fgaj2bw0f22izch-process-compose-1.40.1"
        },
        "x86_64-darwin": {
          "outputs": [
            {
              "name": "out",
              "path": "/nix/store/qz9gb3briakkvylq3markxd1s7plaw47-process-compose-1.40.1",
              "default": true
            }
          ],
          "store_path": "/nix/store/qz9gb3briakkvylq3markxd1s7plaw47-process-compose-1.40.1"
        },
        "x86_64-linux": {
          "outputs": [
            {
              "name": "out",
              "path": "/nix/store/0vq97wmm879440n8plsk1yjc1g28ai85-process-compose-1.40.1",
              "default": true
            }
          ],
          "store_path": "/nix/store/0vq97wmm879440n8plsk1yjc1g28ai85-process-compose-1.40.1"
        }
      }
    },
    "skate@latest": {
      "last_modified": "2024-11-28T07:51:56Z",
      "resolved": "github:NixOS/nixpkgs/226216574ada4c3ecefcbbec41f39ce4655f78ef#skate",
      "source": "devbox-search",
      "version": "1.0.0",
      "systems": {
        "aarch64-darwin": {
          "outputs": [
            {
              "name": "out",
              "path": "/nix/store/q6yhpyfbqiabyic6ymx5rp2db62bnbvr-skate-1.0.0",
              "default": true
            }
          ],
          "store_path": "/nix/store/q6yhpyfbqiabyic6ymx5rp2db62bnbvr-skate-1.0.0"
        },
        "aarch64-linux": {
          "outputs": [
            {
              "name": "out",
              "path": "/nix/store/q55dbgvc4xwvr2g02dks6j2j699qni2k-skate-1.0.0",
              "default": true
            }
          ],
          "store_path": "/nix/store/q55dbgvc4xwvr2g02dks6j2j699qni2k-skate-1.0.0"
        },
        "x86_64-darwin": {
          "outputs": [
            {
              "name": "out",
              "path": "/nix/store/s1hy525y8ciya3nrns9kryy3jlcw8igv-skate-1.0.0",
              "default": true
            }
          ],
          "store_path": "/nix/store/s1hy525y8ciya3nrns9kryy3jlcw8igv-skate-1.0.0"
        },
        "x86_64-linux": {
          "outputs": [
            {
              "name": "out",
              "path": "/nix/store/8s03iazymz77nv6pjxpz7wair0m646wv-skate-1.0.0",
              "default": true
            }
          ],
          "store_path": "/nix/store/8s03iazymz77nv6pjxpz7wair0m646wv-skate-1.0.0"
        }
      }
    },
    "templ@latest": {
      "last_modified": "2024-11-28T07:51:56Z",
      "resolved": "github:NixOS/nixpkgs/226216574ada4c3ecefcbbec41f39ce4655f78ef#templ",
      "source": "devbox-search",
      "version": "0.2.793",
      "systems": {
        "aarch64-darwin": {
          "outputs": [
            {
              "name": "out",
              "path": "/nix/store/ivargvf76g71k5gk3iz4al52rsy28w38-templ-0.2.793",
              "default": true
            }
          ],
          "store_path": "/nix/store/ivargvf76g71k5gk3iz4al52rsy28w38-templ-0.2.793"
        },
        "aarch64-linux": {
          "outputs": [
            {
              "name": "out",
              "path": "/nix/store/03654iddn006yx5j1lqq496hax60v8p5-templ-0.2.793",
              "default": true
            }
          ],
          "store_path": "/nix/store/03654iddn006yx5j1lqq496hax60v8p5-templ-0.2.793"
        },
        "x86_64-darwin": {
          "outputs": [
            {
              "name": "out",
              "path": "/nix/store/blvd5wbd1ix6m745s4zx3b84kwzprshq-templ-0.2.793",
              "default": true
            }
          ],
          "store_path": "/nix/store/blvd5wbd1ix6m745s4zx3b84kwzprshq-templ-0.2.793"
        },
        "x86_64-linux": {
          "outputs": [
            {
              "name": "out",
              "path": "/nix/store/sn5h79d36r86i6a8rm1k52c2ij1s32kx-templ-0.2.793",
              "default": true
            }
          ],
          "store_path": "/nix/store/sn5h79d36r86i6a8rm1k52c2ij1s32kx-templ-0.2.793"
        }
      }
    },
    "tigerbeetle@latest": {
      "last_modified": "2024-11-30T03:39:21Z",
      "resolved": "github:NixOS/nixpkgs/4703b8d2c708e13a8cab03d865f90973536dcdf5#tigerbeetle",
      "source": "devbox-search",
      "version": "0.16.14",
      "systems": {
        "aarch64-darwin": {
          "outputs": [
            {
              "name": "out",
              "path": "/nix/store/jgcj3ci7708zsgirgjl4cdnaq7x59fm4-tigerbeetle-0.16.14",
              "default": true
            }
          ],
          "store_path": "/nix/store/jgcj3ci7708zsgirgjl4cdnaq7x59fm4-tigerbeetle-0.16.14"
        },
        "aarch64-linux": {
          "outputs": [
            {
              "name": "out",
              "path": "/nix/store/b4zqvr0zanwvdz8c7fs6w1h51fh6pa1j-tigerbeetle-0.16.14",
              "default": true
            }
          ],
          "store_path": "/nix/store/b4zqvr0zanwvdz8c7fs6w1h51fh6pa1j-tigerbeetle-0.16.14"
        },
        "x86_64-darwin": {
          "outputs": [
            {
              "name": "out",
              "path": "/nix/store/nqi4rb34bdcra0sx59dnipdp347smndx-tigerbeetle-0.16.14",
              "default": true
            }
          ],
          "store_path": "/nix/store/nqi4rb34bdcra0sx59dnipdp347smndx-tigerbeetle-0.16.14"
        },
        "x86_64-linux": {
          "outputs": [
            {
              "name": "out",
              "path": "/nix/store/224jvdiazicsmm1r5dpykk912rzlyhgr-tigerbeetle-0.16.14",
              "default": true
            }
          ],
          "store_path": "/nix/store/224jvdiazicsmm1r5dpykk912rzlyhgr-tigerbeetle-0.16.14"
        }
      }
    }
  }
}
