{
  "lockfile_version": "1",
  "packages": {
    "bun@latest": {
      "last_modified": "2024-10-23T04:36:58Z",
      "resolved": "github:NixOS/nixpkgs/dfffb2e7a52d29a0ef8e21ec8a0f30487b227f1a#bun",
      "source": "devbox-search",
      "version": "1.1.31",
      "systems": {
        "aarch64-darwin": {
          "outputs": [
            {
              "name": "out",
              "path": "/nix/store/yw0z6rg88lx3mk3990a8hv1p9n81c5rs-bun-1.1.31",
              "default": true
            }
          ],
          "store_path": "/nix/store/yw0z6rg88lx3mk3990a8hv1p9n81c5rs-bun-1.1.31"
        },
        "aarch64-linux": {
          "outputs": [
            {
              "name": "out",
              "path": "/nix/store/00n6cawnzgxmih6vrkp7sg269njdlqfv-bun-1.1.31",
              "default": true
            }
          ],
          "store_path": "/nix/store/00n6cawnzgxmih6vrkp7sg269njdlqfv-bun-1.1.31"
        },
        "x86_64-darwin": {
          "outputs": [
            {
              "name": "out",
              "path": "/nix/store/4wg235mszvs98csdbk66lgdm6l9mzmnq-bun-1.1.31",
              "default": true
            }
          ],
          "store_path": "/nix/store/4wg235mszvs98csdbk66lgdm6l9mzmnq-bun-1.1.31"
        },
        "x86_64-linux": {
          "outputs": [
            {
              "name": "out",
              "path": "/nix/store/hilx2jwdslc05d38q4fzpsli6pgc56sa-bun-1.1.31",
              "default": true
            }
          ],
          "store_path": "/nix/store/hilx2jwdslc05d38q4fzpsli6pgc56sa-bun-1.1.31"
        }
      }
    },
    "go@1.23": {
      "last_modified": "2024-11-16T04:25:12Z",
      "resolved": "github:NixOS/nixpkgs/34a626458d686f1b58139620a8b2793e9e123bba#go",
      "source": "devbox-search",
      "version": "1.23.3",
      "systems": {
        "aarch64-darwin": {
          "outputs": [
            {
              "name": "out",
              "path": "/nix/store/qrj2wp6vzfpjfrrlcmr22818zg83fb73-go-1.23.3",
              "default": true
            }
          ],
          "store_path": "/nix/store/qrj2wp6vzfpjfrrlcmr22818zg83fb73-go-1.23.3"
        },
        "aarch64-linux": {
          "outputs": [
            {
              "name": "out",
              "path": "/nix/store/dm66qyl19skrwcmk4rb9xcs64xc1d071-go-1.23.3",
              "default": true
            }
          ],
          "store_path": "/nix/store/dm66qyl19skrwcmk4rb9xcs64xc1d071-go-1.23.3"
        },
        "x86_64-darwin": {
          "outputs": [
            {
              "name": "out",
              "path": "/nix/store/vkjn6njpz4gy5ma763vh8hh93bgjwycr-go-1.23.3",
              "default": true
            }
          ],
          "store_path": "/nix/store/vkjn6njpz4gy5ma763vh8hh93bgjwycr-go-1.23.3"
        },
        "x86_64-linux": {
          "outputs": [
            {
              "name": "out",
              "path": "/nix/store/bavnchxi7v6xs077jxv7fl5rrqc3y87w-go-1.23.3",
              "default": true
            }
          ],
          "store_path": "/nix/store/bavnchxi7v6xs077jxv7fl5rrqc3y87w-go-1.23.3"
        }
      }
    },
    "gum@latest": {
      "last_modified": "2024-11-16T04:25:12Z",
      "resolved": "github:NixOS/nixpkgs/34a626458d686f1b58139620a8b2793e9e123bba#gum",
      "source": "devbox-search",
      "version": "0.14.5",
      "systems": {
        "aarch64-darwin": {
          "outputs": [
            {
              "name": "out",
              "path": "/nix/store/rzqm62ixipbzbhfagqlic5xxag9a2v82-gum-0.14.5",
              "default": true
            }
          ],
          "store_path": "/nix/store/rzqm62ixipbzbhfagqlic5xxag9a2v82-gum-0.14.5"
        },
        "aarch64-linux": {
          "outputs": [
            {
              "name": "out",
              "path": "/nix/store/3ick2j8z9jgkk3cyc1ik4zkbs3m4583n-gum-0.14.5",
              "default": true
            }
          ],
          "store_path": "/nix/store/3ick2j8z9jgkk3cyc1ik4zkbs3m4583n-gum-0.14.5"
        },
        "x86_64-darwin": {
          "outputs": [
            {
              "name": "out",
              "path": "/nix/store/9rh8qxbxgb07v3a62mx9404ynk2yhxrj-gum-0.14.5",
              "default": true
            }
          ],
          "store_path": "/nix/store/9rh8qxbxgb07v3a62mx9404ynk2yhxrj-gum-0.14.5"
        },
        "x86_64-linux": {
          "outputs": [
            {
              "name": "out",
              "path": "/nix/store/1bnivwijzrnzx5h0hd5rywwy8rlhxmw5-gum-0.14.5",
              "default": true
            }
          ],
          "store_path": "/nix/store/1bnivwijzrnzx5h0hd5rywwy8rlhxmw5-gum-0.14.5"
        }
      }
    }
  }
}
