# Generated by buf. DO NOT EDIT.
version: v1
deps:
  - remote: buf.build
    owner: cosmos
    repository: cosmos-proto
    commit: 1935555c206d4afb9e94615dfd0fad31
  - remote: buf.build
    owner: cosmos
    repository: cosmos-sdk
    commit: d71cd4e301d64db39d6b63f27a45f2cc
  - remote: buf.build
    owner: cosmos
    repository: gogo-proto
    commit: bee5511075b7499da6178d9e4aaa628b
  - remote: buf.build
    owner: googleapis
    repository: googleapis
    commit: b6d7157cb26c4346a571e98b1fcd48ab
  - remote: buf.build
    owner: sonr-io
    repository: blockchain
    commit: c2fc280685c443c2a67d1d1d23b6d4d8
