# Generated by buf. DO NOT EDIT.
version: v1
deps:
  - remote: buf.build
    owner: cosmos
    repository: cosmos-proto
    commit: 1935555c206d4afb9e94615dfd0fad31
  - remote: buf.build
    owner: cosmos
    repository: cosmos-sdk
    commit: 86d2a697b026488089f13a71ceb3815c
  - remote: buf.build
    owner: cosmos
    repository: gogo-proto
    commit: bee5511075b7499da6178d9e4aaa628b
  - remote: buf.build
    owner: gogo
    repository: protobuf
    commit: 4df00b267f944190a229ce3695781e99
  - remote: buf.build
    owner: googleapis
    repository: googleapis
    commit: 421b9d21e4af4eca955071fbf25ff8aa
  - remote: buf.build
    owner: sonr-io
    repository: blockchain
    commit: 98fbf1d47adf40a7a60bceaa4a7c1207
