{
  "lockfile_version": "1",
  "packages": {
    "bun@latest": {
      "last_modified": "2024-11-18T00:41:09Z",
      "resolved": "github:NixOS/nixpkgs/5083ec887760adfe12af64830a66807423a859a7#bun",
      "source": "devbox-search",
      "version": "1.1.34",
      "systems": {
        "aarch64-darwin": {
          "outputs": [
            {
              "name": "out",
              "path": "/nix/store/xnj00gq1mfffvgyisghk4m9f38gc5c5c-bun-1.1.34",
              "default": true
            }
          ],
          "store_path": "/nix/store/xnj00gq1mfffvgyisghk4m9f38gc5c5c-bun-1.1.34"
        },
        "aarch64-linux": {
          "outputs": [
            {
              "name": "out",
              "path": "/nix/store/kccpzv8fb7swmmxbhv805qzq242rhy33-bun-1.1.34",
              "default": true
            }
          ],
          "store_path": "/nix/store/kccpzv8fb7swmmxbhv805qzq242rhy33-bun-1.1.34"
        },
        "x86_64-darwin": {
          "outputs": [
            {
              "name": "out",
              "path": "/nix/store/8h5k3l4fpgs3al2wvna7x9ybyyc8k36d-bun-1.1.34",
              "default": true
            }
          ],
          "store_path": "/nix/store/8h5k3l4fpgs3al2wvna7x9ybyyc8k36d-bun-1.1.34"
        },
        "x86_64-linux": {
          "outputs": [
            {
              "name": "out",
              "path": "/nix/store/x089g4srqw71w5jnc87vxbh7m12498i0-bun-1.1.34",
              "default": true
            }
          ],
          "store_path": "/nix/store/x089g4srqw71w5jnc87vxbh7m12498i0-bun-1.1.34"
        }
      }
    },
    "cloudflared@latest": {
      "last_modified": "2024-11-18T00:41:09Z",
      "resolved": "github:NixOS/nixpkgs/5083ec887760adfe12af64830a66807423a859a7#cloudflared",
      "source": "devbox-search",
      "version": "2024.11.0",
      "systems": {
        "aarch64-darwin": {
          "outputs": [
            {
              "name": "out",
              "path": "/nix/store/95knk04xlh78swlk9a6kg524rfykzzmz-cloudflared-2024.11.0",
              "default": true
            }
          ],
          "store_path": "/nix/store/95knk04xlh78swlk9a6kg524rfykzzmz-cloudflared-2024.11.0"
        },
        "aarch64-linux": {
          "outputs": [
            {
              "name": "out",
              "path": "/nix/store/2d6mh1pi99m19bc9m3phcsfgygbfpyig-cloudflared-2024.11.0",
              "default": true
            }
          ],
          "store_path": "/nix/store/2d6mh1pi99m19bc9m3phcsfgygbfpyig-cloudflared-2024.11.0"
        },
        "x86_64-darwin": {
          "outputs": [
            {
              "name": "out",
              "path": "/nix/store/4dii539ldfv0f9n7xigfy19ivrg3ng2n-cloudflared-2024.11.0",
              "default": true
            }
          ],
          "store_path": "/nix/store/4dii539ldfv0f9n7xigfy19ivrg3ng2n-cloudflared-2024.11.0"
        },
        "x86_64-linux": {
          "outputs": [
            {
              "name": "out",
              "path": "/nix/store/hlnabpfi58mpd16symqb7kp8xc2lf1pf-cloudflared-2024.11.0",
              "default": true
            }
          ],
          "store_path": "/nix/store/hlnabpfi58mpd16symqb7kp8xc2lf1pf-cloudflared-2024.11.0"
        }
      }
    },
    "go@1.22": {
      "last_modified": "2024-11-16T04:25:12Z",
      "resolved": "github:NixOS/nixpkgs/34a626458d686f1b58139620a8b2793e9e123bba#go_1_22",
      "source": "devbox-search",
      "version": "1.22.9",
      "systems": {
        "aarch64-darwin": {
          "outputs": [
            {
              "name": "out",
              "path": "/nix/store/4nf51i4ah186y2jy3fad2fyvpa49qx6q-go-1.22.9",
              "default": true
            }
          ],
          "store_path": "/nix/store/4nf51i4ah186y2jy3fad2fyvpa49qx6q-go-1.22.9"
        },
        "aarch64-linux": {
          "outputs": [
            {
              "name": "out",
              "path": "/nix/store/8w8vzwgp55yl8j1ljgm4wzdgjkvkv5v3-go-1.22.9",
              "default": true
            }
          ],
          "store_path": "/nix/store/8w8vzwgp55yl8j1ljgm4wzdgjkvkv5v3-go-1.22.9"
        },
        "x86_64-darwin": {
          "outputs": [
            {
              "name": "out",
              "path": "/nix/store/vlih7j78ki05i8nvzdsxvws7a7ksq04m-go-1.22.9",
              "default": true
            }
          ],
          "store_path": "/nix/store/vlih7j78ki05i8nvzdsxvws7a7ksq04m-go-1.22.9"
        },
        "x86_64-linux": {
          "outputs": [
            {
              "name": "out",
              "path": "/nix/store/frc5188kgv3ws0n999c7cy5vi2f8k4jp-go-1.22.9",
              "default": true
            }
          ],
          "store_path": "/nix/store/frc5188kgv3ws0n999c7cy5vi2f8k4jp-go-1.22.9"
        }
      }
    },
    "ipfs@latest": {
      "last_modified": "2023-02-24T09:01:09Z",
      "resolved": "github:NixOS/nixpkgs/7d0ed7f2e5aea07ab22ccb338d27fbe347ed2f11#ipfs",
      "source": "devbox-search",
      "version": "0.17.0"
    },
    "matrix-synapse@latest": {
      "last_modified": "2024-11-18T00:41:09Z",
      "resolved": "github:NixOS/nixpkgs/5083ec887760adfe12af64830a66807423a859a7#matrix-synapse",
      "source": "devbox-search",
      "version": "1.119.0",
      "systems": {
        "aarch64-linux": {
          "outputs": [
            {
              "name": "out",
              "path": "/nix/store/dfgj6lgmxy18qd5v9z91376i0b1z06jx-matrix-synapse-wrapped-1.119.0",
              "default": true
            }
          ],
          "store_path": "/nix/store/dfgj6lgmxy18qd5v9z91376i0b1z06jx-matrix-synapse-wrapped-1.119.0"
        },
        "x86_64-linux": {
          "outputs": [
            {
              "name": "out",
              "path": "/nix/store/570l35c4n3qdxaszrf6bz4rrrw87pkil-matrix-synapse-wrapped-1.119.0",
              "default": true
            }
          ],
          "store_path": "/nix/store/570l35c4n3qdxaszrf6bz4rrrw87pkil-matrix-synapse-wrapped-1.119.0"
        }
      }
    },
    "skate@latest": {
      "last_modified": "2024-11-16T04:25:12Z",
      "resolved": "github:NixOS/nixpkgs/34a626458d686f1b58139620a8b2793e9e123bba#skate",
      "source": "devbox-search",
      "version": "1.0.0",
      "systems": {
        "aarch64-darwin": {
          "outputs": [
            {
              "name": "out",
              "path": "/nix/store/q6yhpyfbqiabyic6ymx5rp2db62bnbvr-skate-1.0.0",
              "default": true
            }
          ],
          "store_path": "/nix/store/q6yhpyfbqiabyic6ymx5rp2db62bnbvr-skate-1.0.0"
        },
        "aarch64-linux": {
          "outputs": [
            {
              "name": "out",
              "path": "/nix/store/q55dbgvc4xwvr2g02dks6j2j699qni2k-skate-1.0.0",
              "default": true
            }
          ],
          "store_path": "/nix/store/q55dbgvc4xwvr2g02dks6j2j699qni2k-skate-1.0.0"
        },
        "x86_64-darwin": {
          "outputs": [
            {
              "name": "out",
              "path": "/nix/store/s1hy525y8ciya3nrns9kryy3jlcw8igv-skate-1.0.0",
              "default": true
            }
          ],
          "store_path": "/nix/store/s1hy525y8ciya3nrns9kryy3jlcw8igv-skate-1.0.0"
        },
        "x86_64-linux": {
          "outputs": [
            {
              "name": "out",
              "path": "/nix/store/8s03iazymz77nv6pjxpz7wair0m646wv-skate-1.0.0",
              "default": true
            }
          ],
          "store_path": "/nix/store/8s03iazymz77nv6pjxpz7wair0m646wv-skate-1.0.0"
        }
      }
    },
    "tigerbeetle@latest": {
      "last_modified": "2024-11-16T04:25:12Z",
      "resolved": "github:NixOS/nixpkgs/34a626458d686f1b58139620a8b2793e9e123bba#tigerbeetle",
      "source": "devbox-search",
      "version": "0.16.12",
      "systems": {
        "aarch64-darwin": {
          "outputs": [
            {
              "name": "out",
              "path": "/nix/store/mm3jzwf24p35afr55v7kl5a0h6962i6p-tigerbeetle-0.16.12",
              "default": true
            }
          ],
          "store_path": "/nix/store/mm3jzwf24p35afr55v7kl5a0h6962i6p-tigerbeetle-0.16.12"
        },
        "aarch64-linux": {
          "outputs": [
            {
              "name": "out",
              "path": "/nix/store/4106973gg3crfxq0gwrgwn4hcx64mzyy-tigerbeetle-0.16.12",
              "default": true
            }
          ],
          "store_path": "/nix/store/4106973gg3crfxq0gwrgwn4hcx64mzyy-tigerbeetle-0.16.12"
        },
        "x86_64-darwin": {
          "outputs": [
            {
              "name": "out",
              "path": "/nix/store/6lnwnr3mvdamm5lxjjqkaagw2pyqlq0a-tigerbeetle-0.16.12",
              "default": true
            }
          ],
          "store_path": "/nix/store/6lnwnr3mvdamm5lxjjqkaagw2pyqlq0a-tigerbeetle-0.16.12"
        },
        "x86_64-linux": {
          "outputs": [
            {
              "name": "out",
              "path": "/nix/store/afrj2ph61xz0lh7f3d1g1d7v2rslbvny-tigerbeetle-0.16.12",
              "default": true
            }
          ],
          "store_path": "/nix/store/afrj2ph61xz0lh7f3d1g1d7v2rslbvny-tigerbeetle-0.16.12"
        }
      }
    }
  }
}
