{
  "lockfile_version": "1",
  "packages": {
    "bun@latest": {
      "last_modified": "2024-11-18T00:41:09Z",
      "resolved": "github:NixOS/nixpkgs/5083ec887760adfe12af64830a66807423a859a7#bun",
      "source": "devbox-search",
      "version": "1.1.34",
      "systems": {
        "aarch64-darwin": {
          "outputs": [
            {
              "name": "out",
              "path": "/nix/store/xnj00gq1mfffvgyisghk4m9f38gc5c5c-bun-1.1.34",
              "default": true
            }
          ],
          "store_path": "/nix/store/xnj00gq1mfffvgyisghk4m9f38gc5c5c-bun-1.1.34"
        },
        "aarch64-linux": {
          "outputs": [
            {
              "name": "out",
              "path": "/nix/store/kccpzv8fb7swmmxbhv805qzq242rhy33-bun-1.1.34",
              "default": true
            }
          ],
          "store_path": "/nix/store/kccpzv8fb7swmmxbhv805qzq242rhy33-bun-1.1.34"
        },
        "x86_64-darwin": {
          "outputs": [
            {
              "name": "out",
              "path": "/nix/store/8h5k3l4fpgs3al2wvna7x9ybyyc8k36d-bun-1.1.34",
              "default": true
            }
          ],
          "store_path": "/nix/store/8h5k3l4fpgs3al2wvna7x9ybyyc8k36d-bun-1.1.34"
        },
        "x86_64-linux": {
          "outputs": [
            {
              "name": "out",
              "path": "/nix/store/x089g4srqw71w5jnc87vxbh7m12498i0-bun-1.1.34",
              "default": true
            }
          ],
          "store_path": "/nix/store/x089g4srqw71w5jnc87vxbh7m12498i0-bun-1.1.34"
        }
      }
    },
    "cloudflared@latest": {
      "last_modified": "2024-11-18T00:41:09Z",
      "resolved": "github:NixOS/nixpkgs/5083ec887760adfe12af64830a66807423a859a7#cloudflared",
      "source": "devbox-search",
      "version": "2024.11.0",
      "systems": {
        "aarch64-darwin": {
          "outputs": [
            {
              "name": "out",
              "path": "/nix/store/95knk04xlh78swlk9a6kg524rfykzzmz-cloudflared-2024.11.0",
              "default": true
            }
          ],
          "store_path": "/nix/store/95knk04xlh78swlk9a6kg524rfykzzmz-cloudflared-2024.11.0"
        },
        "aarch64-linux": {
          "outputs": [
            {
              "name": "out",
              "path": "/nix/store/2d6mh1pi99m19bc9m3phcsfgygbfpyig-cloudflared-2024.11.0",
              "default": true
            }
          ],
          "store_path": "/nix/store/2d6mh1pi99m19bc9m3phcsfgygbfpyig-cloudflared-2024.11.0"
        },
        "x86_64-darwin": {
          "outputs": [
            {
              "name": "out",
              "path": "/nix/store/4dii539ldfv0f9n7xigfy19ivrg3ng2n-cloudflared-2024.11.0",
              "default": true
            }
          ],
          "store_path": "/nix/store/4dii539ldfv0f9n7xigfy19ivrg3ng2n-cloudflared-2024.11.0"
        },
        "x86_64-linux": {
          "outputs": [
            {
              "name": "out",
              "path": "/nix/store/hlnabpfi58mpd16symqb7kp8xc2lf1pf-cloudflared-2024.11.0",
              "default": true
            }
          ],
          "store_path": "/nix/store/hlnabpfi58mpd16symqb7kp8xc2lf1pf-cloudflared-2024.11.0"
        }
      }
    },
    "go@1.23": {
      "last_modified": "2024-11-16T04:25:12Z",
      "resolved": "github:NixOS/nixpkgs/34a626458d686f1b58139620a8b2793e9e123bba#go",
      "source": "devbox-search",
      "version": "1.23.3",
      "systems": {
        "aarch64-darwin": {
          "outputs": [
            {
              "name": "out",
              "path": "/nix/store/qrj2wp6vzfpjfrrlcmr22818zg83fb73-go-1.23.3",
              "default": true
            }
          ],
          "store_path": "/nix/store/qrj2wp6vzfpjfrrlcmr22818zg83fb73-go-1.23.3"
        },
        "aarch64-linux": {
          "outputs": [
            {
              "name": "out",
              "path": "/nix/store/dm66qyl19skrwcmk4rb9xcs64xc1d071-go-1.23.3",
              "default": true
            }
          ],
          "store_path": "/nix/store/dm66qyl19skrwcmk4rb9xcs64xc1d071-go-1.23.3"
        },
        "x86_64-darwin": {
          "outputs": [
            {
              "name": "out",
              "path": "/nix/store/vkjn6njpz4gy5ma763vh8hh93bgjwycr-go-1.23.3",
              "default": true
            }
          ],
          "store_path": "/nix/store/vkjn6njpz4gy5ma763vh8hh93bgjwycr-go-1.23.3"
        },
        "x86_64-linux": {
          "outputs": [
            {
              "name": "out",
              "path": "/nix/store/bavnchxi7v6xs077jxv7fl5rrqc3y87w-go-1.23.3",
              "default": true
            }
          ],
          "store_path": "/nix/store/bavnchxi7v6xs077jxv7fl5rrqc3y87w-go-1.23.3"
        }
      }
    },
    "ipfs@latest": {
      "last_modified": "2023-02-24T09:01:09Z",
      "resolved": "github:NixOS/nixpkgs/7d0ed7f2e5aea07ab22ccb338d27fbe347ed2f11#ipfs",
      "source": "devbox-search",
      "version": "0.17.0"
    },
    "matrix-synapse@latest": {
      "last_modified": "2024-11-18T00:41:09Z",
      "resolved": "github:NixOS/nixpkgs/5083ec887760adfe12af64830a66807423a859a7#matrix-synapse",
      "source": "devbox-search",
      "version": "1.119.0",
      "systems": {
        "aarch64-linux": {
          "outputs": [
            {
              "name": "out",
              "path": "/nix/store/dfgj6lgmxy18qd5v9z91376i0b1z06jx-matrix-synapse-wrapped-1.119.0",
              "default": true
            }
          ],
          "store_path": "/nix/store/dfgj6lgmxy18qd5v9z91376i0b1z06jx-matrix-synapse-wrapped-1.119.0"
        },
        "x86_64-linux": {
          "outputs": [
            {
              "name": "out",
              "path": "/nix/store/570l35c4n3qdxaszrf6bz4rrrw87pkil-matrix-synapse-wrapped-1.119.0",
              "default": true
            }
          ],
          "store_path": "/nix/store/570l35c4n3qdxaszrf6bz4rrrw87pkil-matrix-synapse-wrapped-1.119.0"
        }
      }
    },
    "postgresql@latest": {
      "last_modified": "2024-11-22T01:27:12Z",
      "plugin_version": "0.0.2",
      "resolved": "github:NixOS/nixpkgs/8edf06bea5bcbee082df1b7369ff973b91618b8d#postgresql",
      "source": "devbox-search",
      "version": "16.4",
      "systems": {
        "aarch64-darwin": {
          "outputs": [
            {
              "name": "out",
              "path": "/nix/store/j6n9b877yhrnkp9z9p1gllxpnfvdrbrb-postgresql-16.4",
              "default": true
            },
            {
              "name": "man",
              "path": "/nix/store/465icqyw6m38jxpx5yr1ri26ki0f96sz-postgresql-16.4-man",
              "default": true
            },
            {
              "name": "lib",
              "path": "/nix/store/l9w6d22hrcrxkv005g2gbzhvk64vp4rm-postgresql-16.4-lib"
            },
            {
              "name": "dev",
              "path": "/nix/store/jvw9nsblsbh9m4n551sq7qnw82hhsv08-postgresql-16.4-dev"
            },
            {
              "name": "doc",
              "path": "/nix/store/fk1x8k1qsiaasp73qnzyrzw4ylaf1xy6-postgresql-16.4-doc"
            }
          ],
          "store_path": "/nix/store/j6n9b877yhrnkp9z9p1gllxpnfvdrbrb-postgresql-16.4"
        },
        "aarch64-linux": {
          "outputs": [
            {
              "name": "out",
              "path": "/nix/store/2ywn472iqfdiyw5w4frm63rn3nyrkgn1-postgresql-16.4",
              "default": true
            },
            {
              "name": "man",
              "path": "/nix/store/650fqsb195p9x00jgqgzkisjwddbvgfd-postgresql-16.4-man",
              "default": true
            },
            {
              "name": "debug",
              "path": "/nix/store/wm34pd2y04mjgvhanqw4ymmhds56l9da-postgresql-16.4-debug"
            },
            {
              "name": "dev",
              "path": "/nix/store/ai2ckvi44jdh9i5078gj5brdwsxk4ydm-postgresql-16.4-dev"
            },
            {
              "name": "doc",
              "path": "/nix/store/qys6z2y4iwr0f6ahpq9gcv9hb551w479-postgresql-16.4-doc"
            },
            {
              "name": "lib",
              "path": "/nix/store/pii1vyxbzggi7aqy7xglav8p52c0qfp2-postgresql-16.4-lib"
            }
          ],
          "store_path": "/nix/store/2ywn472iqfdiyw5w4frm63rn3nyrkgn1-postgresql-16.4"
        },
        "x86_64-darwin": {
          "outputs": [
            {
              "name": "out",
              "path": "/nix/store/5k1p2jjnsdcsvk8zpsqxlzhajh1x9ghq-postgresql-16.4",
              "default": true
            },
            {
              "name": "man",
              "path": "/nix/store/p8b24icm7xiwlky1dggqcinn1ah92agl-postgresql-16.4-man",
              "default": true
            },
            {
              "name": "dev",
              "path": "/nix/store/cvl9wdw387jk02bbhm1qvidzl18hayyr-postgresql-16.4-dev"
            },
            {
              "name": "doc",
              "path": "/nix/store/ysmwxhh3s2l1k2jkzxq0bv6vdzlgr14j-postgresql-16.4-doc"
            },
            {
              "name": "lib",
              "path": "/nix/store/4va0gp1c718dk1zyqs0il2gn7a81spr0-postgresql-16.4-lib"
            }
          ],
          "store_path": "/nix/store/5k1p2jjnsdcsvk8zpsqxlzhajh1x9ghq-postgresql-16.4"
        },
        "x86_64-linux": {
          "outputs": [
            {
              "name": "out",
              "path": "/nix/store/ypx0whdqvwbql73nija0zrm4z3rgcm9l-postgresql-16.4",
              "default": true
            },
            {
              "name": "man",
              "path": "/nix/store/7x75jfmpc7x36863cf6kr61ikcz787ki-postgresql-16.4-man",
              "default": true
            },
            {
              "name": "doc",
              "path": "/nix/store/4c7h8sg2i0jim6hzmzhjw5nn0zmx1xvd-postgresql-16.4-doc"
            },
            {
              "name": "lib",
              "path": "/nix/store/xd8ks7bs2p7gjgk8h98bfg8801swl9m0-postgresql-16.4-lib"
            },
            {
              "name": "debug",
              "path": "/nix/store/pxhd0wq2sbafamjmcp7f890qza76gwav-postgresql-16.4-debug"
            },
            {
              "name": "dev",
              "path": "/nix/store/20i6jma3fbm4sw060hdnrs311fw4aczj-postgresql-16.4-dev"
            }
          ],
          "store_path": "/nix/store/ypx0whdqvwbql73nija0zrm4z3rgcm9l-postgresql-16.4"
        }
      }
    },
    "skate@latest": {
      "last_modified": "2024-11-16T04:25:12Z",
      "resolved": "github:NixOS/nixpkgs/34a626458d686f1b58139620a8b2793e9e123bba#skate",
      "source": "devbox-search",
      "version": "1.0.0",
      "systems": {
        "aarch64-darwin": {
          "outputs": [
            {
              "name": "out",
              "path": "/nix/store/q6yhpyfbqiabyic6ymx5rp2db62bnbvr-skate-1.0.0",
              "default": true
            }
          ],
          "store_path": "/nix/store/q6yhpyfbqiabyic6ymx5rp2db62bnbvr-skate-1.0.0"
        },
        "aarch64-linux": {
          "outputs": [
            {
              "name": "out",
              "path": "/nix/store/q55dbgvc4xwvr2g02dks6j2j699qni2k-skate-1.0.0",
              "default": true
            }
          ],
          "store_path": "/nix/store/q55dbgvc4xwvr2g02dks6j2j699qni2k-skate-1.0.0"
        },
        "x86_64-darwin": {
          "outputs": [
            {
              "name": "out",
              "path": "/nix/store/s1hy525y8ciya3nrns9kryy3jlcw8igv-skate-1.0.0",
              "default": true
            }
          ],
          "store_path": "/nix/store/s1hy525y8ciya3nrns9kryy3jlcw8igv-skate-1.0.0"
        },
        "x86_64-linux": {
          "outputs": [
            {
              "name": "out",
              "path": "/nix/store/8s03iazymz77nv6pjxpz7wair0m646wv-skate-1.0.0",
              "default": true
            }
          ],
          "store_path": "/nix/store/8s03iazymz77nv6pjxpz7wair0m646wv-skate-1.0.0"
        }
      }
    },
    "tigerbeetle@latest": {
      "last_modified": "2024-11-16T04:25:12Z",
      "resolved": "github:NixOS/nixpkgs/34a626458d686f1b58139620a8b2793e9e123bba#tigerbeetle",
      "source": "devbox-search",
      "version": "0.16.12",
      "systems": {
        "aarch64-darwin": {
          "outputs": [
            {
              "name": "out",
              "path": "/nix/store/mm3jzwf24p35afr55v7kl5a0h6962i6p-tigerbeetle-0.16.12",
              "default": true
            }
          ],
          "store_path": "/nix/store/mm3jzwf24p35afr55v7kl5a0h6962i6p-tigerbeetle-0.16.12"
        },
        "aarch64-linux": {
          "outputs": [
            {
              "name": "out",
              "path": "/nix/store/4106973gg3crfxq0gwrgwn4hcx64mzyy-tigerbeetle-0.16.12",
              "default": true
            }
          ],
          "store_path": "/nix/store/4106973gg3crfxq0gwrgwn4hcx64mzyy-tigerbeetle-0.16.12"
        },
        "x86_64-darwin": {
          "outputs": [
            {
              "name": "out",
              "path": "/nix/store/6lnwnr3mvdamm5lxjjqkaagw2pyqlq0a-tigerbeetle-0.16.12",
              "default": true
            }
          ],
          "store_path": "/nix/store/6lnwnr3mvdamm5lxjjqkaagw2pyqlq0a-tigerbeetle-0.16.12"
        },
        "x86_64-linux": {
          "outputs": [
            {
              "name": "out",
              "path": "/nix/store/afrj2ph61xz0lh7f3d1g1d7v2rslbvny-tigerbeetle-0.16.12",
              "default": true
            }
          ],
          "store_path": "/nix/store/afrj2ph61xz0lh7f3d1g1d7v2rslbvny-tigerbeetle-0.16.12"
        }
      }
    }
  }
}
