# Generated by buf. DO NOT EDIT.
version: v1
deps:
  - remote: buf.build
    owner: cosmos
    repository: cosmos-proto
    commit: 1935555c206d4afb9e94615dfd0fad31
  - remote: buf.build
    owner: cosmos
    repository: cosmos-sdk
    commit: 8a76f6d9acc249b2a4e383232be5b201
  - remote: buf.build
    owner: cosmos
    repository: gogo-proto
    commit: bee5511075b7499da6178d9e4aaa628b
  - remote: buf.build
    owner: googleapis
    repository: googleapis
    commit: c3e1b2e164044397af6f283b0773eddf
