# Generated by buf. DO NOT EDIT.
version: v1
deps:
  - remote: buf.build
    owner: cosmos
    repository: cosmos-proto
    commit: 1935555c206d4afb9e94615dfd0fad31
  - remote: buf.build
    owner: cosmos
    repository: cosmos-sdk
    commit: 5d1e35ab577941928da26feb1245f56a
  - remote: buf.build
    owner: cosmos
    repository: gogo-proto
    commit: bee5511075b7499da6178d9e4aaa628b
  - remote: buf.build
    owner: gogo
    repository: protobuf
    commit: 4df00b267f944190a229ce3695781e99
  - remote: buf.build
    owner: googleapis
    repository: googleapis
    commit: f3590c56d388417ebbedefae77ac12bf
  - remote: buf.build
    owner: sonr-io
    repository: blockchain
    commit: a9ebeed9b8dc4f408f8c078064b6ce55
